
Microsoft Visual Studio Solution File, Format Version 12.00
# Visual Studio Version 17
VisualStudioVersion = 17.5.33516.290
MinimumVisualStudioVersion = 10.0.40219.1
Project("{FAE04EC0-301F-11D3-BF4B-00C04F79EFBC}") = "Parafuso", "Parafuso\Parafuso.csproj", "{4892A8DF-391D-4528-9FA9-C8A0468B9949}"
EndProject
Global
	GlobalSection(SolutionConfigurationPlatforms) = preSolution
		Debug|Any CPU = Debug|Any CPU
		Release|Any CPU = Release|Any CPU
	EndGlobalSection
	GlobalSection(ProjectConfigurationPlatforms) = postSolution
		{4892A8DF-391D-4528-9FA9-C8A0468B9949}.Debug|Any CPU.ActiveCfg = Debug|Any CPU
		{4892A8DF-391D-4528-9FA9-C8A0468B9949}.Debug|Any CPU.Build.0 = Debug|Any CPU
		{4892A8DF-391D-4528-9FA9-C8A0468B9949}.Release|Any CPU.ActiveCfg = Release|Any CPU
		{4892A8DF-391D-4528-9FA9-C8A0468B9949}.Release|Any CPU.Build.0 = Release|Any CPU
	EndGlobalSection
	GlobalSection(SolutionProperties) = preSolution
		HideSolutionNode = FALSE
	EndGlobalSection
	GlobalSection(ExtensibilityGlobals) = postSolution
		SolutionGuid = {A5FF3C02-42D7-4027-8A8B-6FD34823AEDA}
	EndGlobalSection
EndGlobal
